// !$*UTF8*$!
{
	archiveVersion = 1;
	classes = {
	};
	objectVersion = 56;
	objects = {

/* Begin PBXBuildFile section */
		713409B32CEF1C6900EFF9EF /* AppDelegate.swift in Sources */ = {isa = PBXBuildFile; fileRef = 713409B22CEF1C6900EFF9EF /* AppDelegate.swift */; };
		713409B52CEF1C6900EFF9EF /* SceneDelegate.swift in Sources */ = {isa = PBXBuildFile; fileRef = 713409B42CEF1C6900EFF9EF /* SceneDelegate.swift */; };
		713409B72CEF1C6900EFF9EF /* ViewController.swift in Sources */ = {isa = PBXBuildFile; fileRef = 713409B62CEF1C6900EFF9EF /* ViewController.swift */; };
		713409BA2CEF1C6900EFF9EF /* Base in Resources */ = {isa = PBXBuildFile; fileRef = 713409B92CEF1C6900EFF9EF /* Base */; };
		713409BD2CEF1C6900EFF9EF /* SuperHero.xcdatamodeld in Sources */ = {isa = PBXBuildFile; fileRef = 713409BB2CEF1C6900EFF9EF /* SuperHero.xcdatamodeld */; };
		713409BF2CEF1C6A00EFF9EF /* Assets.xcassets in Resources */ = {isa = PBXBuildFile; fileRef = 713409BE2CEF1C6A00EFF9EF /* Assets.xcassets */; };
		713409C22CEF1C6A00EFF9EF /* Base in Resources */ = {isa = PBXBuildFile; fileRef = 713409C12CEF1C6A00EFF9EF /* Base */; };
		713409CD2CEF1C6A00EFF9EF /* SuperHeroTests.swift in Sources */ = {isa = PBXBuildFile; fileRef = 713409CC2CEF1C6A00EFF9EF /* SuperHeroTests.swift */; };
		713409D72CEF1C6A00EFF9EF /* SuperHeroUITests.swift in Sources */ = {isa = PBXBuildFile; fileRef = 713409D62CEF1C6A00EFF9EF /* SuperHeroUITests.swift */; };
		713409D92CEF1C6A00EFF9EF /* SuperHeroUITestsLaunchTests.swift in Sources */ = {isa = PBXBuildFile; fileRef = 713409D82CEF1C6A00EFF9EF /* SuperHeroUITestsLaunchTests.swift */; };
/* End PBXBuildFile section */

/* Begin PBXContainerItemProxy section */
		713409C92CEF1C6A00EFF9EF /* PBXContainerItemProxy */ = {
			isa = PBXContainerItemProxy;
			containerPortal = 713409A72CEF1C6900EFF9EF /* Project object */;
			proxyType = 1;
			remoteGlobalIDString = 713409AE2CEF1C6900EFF9EF;
			remoteInfo = SuperHero;
		};
		713409D32CEF1C6A00EFF9EF /* PBXContainerItemProxy */ = {
			isa = PBXContainerItemProxy;
			containerPortal = 713409A72CEF1C6900EFF9EF /* Project object */;
			proxyType = 1;
			remoteGlobalIDString = 713409AE2CEF1C6900EFF9EF;
			remoteInfo = SuperHero;
		};
/* End PBXContainerItemProxy section */

/* Begin PBXFileReference section */
		713409AF2CEF1C6900EFF9EF /* SuperHero.app */ = {isa = PBXFileReference; explicitFileType = wrapper.application; includeInIndex = 0; path = SuperHero.app; sourceTree = BUILT_PRODUCTS_DIR; };
		713409B22CEF1C6900EFF9EF /* AppDelegate.swift */ = {isa = PBXFileReference; lastKnownFileType = sourcecode.swift; path = AppDelegate.swift; sourceTree = "<group>"; };
		713409B42CEF1C6900EFF9EF /* SceneDelegate.swift */ = {isa = PBXFileReference; lastKnownFileType = sourcecode.swift; path = SceneDelegate.swift; sourceTree = "<group>"; };
		713409B62CEF1C6900EFF9EF /* ViewController.swift */ = {isa = PBXFileReference; lastKnownFileType = sourcecode.swift; path = ViewController.swift; sourceTree = "<group>"; };
		713409B92CEF1C6900EFF9EF /* Base */ = {isa = PBXFileReference; lastKnownFileType = file.storyboard; name = Base; path = Base.lproj/Main.storyboard; sourceTree = "<group>"; };
		713409BC2CEF1C6900EFF9EF /* SuperHero.xcdatamodel */ = {isa = PBXFileReference; lastKnownFileType = wrapper.xcdatamodel; path = SuperHero.xcdatamodel; sourceTree = "<group>"; };
		713409BE2CEF1C6A00EFF9EF /* Assets.xcassets */ = {isa = PBXFileReference; lastKnownFileType = folder.assetcatalog; path = Assets.xcassets; sourceTree = "<group>"; };
		713409C12CEF1C6A00EFF9EF /* Base */ = {isa = PBXFileReference; lastKnownFileType = file.storyboard; name = Base; path = Base.lproj/LaunchScreen.storyboard; sourceTree = "<group>"; };
		713409C32CEF1C6A00EFF9EF /* Info.plist */ = {isa = PBXFileReference; lastKnownFileType = text.plist.xml; path = Info.plist; sourceTree = "<group>"; };
		713409C82CEF1C6A00EFF9EF /* SuperHeroTests.xctest */ = {isa = PBXFileReference; explicitFileType = wrapper.cfbundle; includeInIndex = 0; path = SuperHeroTests.xctest; sourceTree = BUILT_PRODUCTS_DIR; };
		713409CC2CEF1C6A00EFF9EF /* SuperHeroTests.swift */ = {isa = PBXFileReference; lastKnownFileType = sourcecode.swift; path = SuperHeroTests.swift; sourceTree = "<group>"; };
		713409D22CEF1C6A00EFF9EF /* SuperHeroUITests.xctest */ = {isa = PBXFileReference; explicitFileType = wrapper.cfbundle; includeInIndex = 0; path = SuperHeroUITests.xctest; sourceTree = BUILT_PRODUCTS_DIR; };
		713409D62CEF1C6A00EFF9EF /* SuperHeroUITests.swift */ = {isa = PBXFileReference; lastKnownFileType = sourcecode.swift; path = SuperHeroUITests.swift; sourceTree = "<group>"; };
		713409D82CEF1C6A00EFF9EF /* SuperHeroUITestsLaunchTests.swift */ = {isa = PBXFileReference; lastKnownFileType = sourcecode.swift; path = SuperHeroUITestsLaunchTests.swift; sourceTree = "<group>"; };
/* End PBXFileReference section */

/* Begin PBXFrameworksBuildPhase section */
		713409AC2CEF1C6900EFF9EF /* Frameworks */ = {
			isa = PBXFrameworksBuildPhase;
			buildActionMask = 2147483647;
			files = (
			);
			runOnlyForDeploymentPostprocessing = 0;
		};
		713409C52CEF1C6A00EFF9EF /* Frameworks */ = {
			isa = PBXFrameworksBuildPhase;
			buildActionMask = 2147483647;
			files = (
			);
			runOnlyForDeploymentPostprocessing = 0;
		};
		713409CF2CEF1C6A00EFF9EF /* Frameworks */ = {
			isa = PBXFrameworksBuildPhase;
			buildActionMask = 2147483647;
			files = (
			);
			runOnlyForDeploymentPostprocessing = 0;
		};
/* End PBXFrameworksBuildPhase section */

/* Begin PBXGroup section */
		713409A62CEF1C6900EFF9EF = {
			isa = PBXGroup;
			children = (
				713409B12CEF1C6900EFF9EF /* SuperHero */,
				713409CB2CEF1C6A00EFF9EF /* SuperHeroTests */,
				713409D52CEF1C6A00EFF9EF /* SuperHeroUITests */,
				713409B02CEF1C6900EFF9EF /* Products */,
			);
			sourceTree = "<group>";
		};
		713409B02CEF1C6900EFF9EF /* Products */ = {
			isa = PBXGroup;
			children = (
				713409AF2CEF1C6900EFF9EF /* SuperHero.app */,
				713409C82CEF1C6A00EFF9EF /* SuperHeroTests.xctest */,
				713409D22CEF1C6A00EFF9EF /* SuperHeroUITests.xctest */,
			);
			name = Products;
			sourceTree = "<group>";
		};
		713409B12CEF1C6900EFF9EF /* SuperHero */ = {
			isa = PBXGroup;
			children = (
				713409B22CEF1C6900EFF9EF /* AppDelegate.swift */,
				713409B42CEF1C6900EFF9EF /* SceneDelegate.swift */,
				713409B62CEF1C6900EFF9EF /* ViewController.swift */,
				713409B82CEF1C6900EFF9EF /* Main.storyboard */,
				713409BE2CEF1C6A00EFF9EF /* Assets.xcassets */,
				713409C02CEF1C6A00EFF9EF /* LaunchScreen.storyboard */,
				713409C32CEF1C6A00EFF9EF /* Info.plist */,
				713409BB2CEF1C6900EFF9EF /* SuperHero.xcdatamodeld */,
			);
			path = SuperHero;
			sourceTree = "<group>";
		};
		713409CB2CEF1C6A00EFF9EF /* SuperHeroTests */ = {
			isa = PBXGroup;
			children = (
				713409CC2CEF1C6A00EFF9EF /* SuperHeroTests.swift */,
			);
			path = SuperHeroTests;
			sourceTree = "<group>";
		};
		713409D52CEF1C6A00EFF9EF /* SuperHeroUITests */ = {
			isa = PBXGroup;
			children = (
				713409D62CEF1C6A00EFF9EF /* SuperHeroUITests.swift */,
				713409D82CEF1C6A00EFF9EF /* SuperHeroUITestsLaunchTests.swift */,
			);
			path = SuperHeroUITests;
			sourceTree = "<group>";
		};
/* End PBXGroup section */

/* Begin PBXNativeTarget section */
		713409AE2CEF1C6900EFF9EF /* SuperHero */ = {
			isa = PBXNativeTarget;
			buildConfigurationList = 713409DC2CEF1C6A00EFF9EF /* Build configuration list for PBXNativeTarget "SuperHero" */;
			buildPhases = (
				713409AB2CEF1C6900EFF9EF /* Sources */,
				713409AC2CEF1C6900EFF9EF /* Frameworks */,
				713409AD2CEF1C6900EFF9EF /* Resources */,
			);
			buildRules = (
			);
			dependencies = (
			);
			name = SuperHero;
			productName = SuperHero;
			productReference = 713409AF2CEF1C6900EFF9EF /* SuperHero.app */;
			productType = "com.apple.product-type.application";
		};
		713409C72CEF1C6A00EFF9EF /* SuperHeroTests */ = {
			isa = PBXNativeTarget;
			buildConfigurationList = 713409DF2CEF1C6A00EFF9EF /* Build configuration list for PBXNativeTarget "SuperHeroTests" */;
			buildPhases = (
				713409C42CEF1C6A00EFF9EF /* Sources */,
				713409C52CEF1C6A00EFF9EF /* Frameworks */,
				713409C62CEF1C6A00EFF9EF /* Resources */,
			);
			buildRules = (
			);
			dependencies = (
				713409CA2CEF1C6A00EFF9EF /* PBXTargetDependency */,
			);
			name = SuperHeroTests;
			productName = SuperHeroTests;
			productReference = 713409C82CEF1C6A00EFF9EF /* SuperHeroTests.xctest */;
			productType = "com.apple.product-type.bundle.unit-test";
		};
		713409D12CEF1C6A00EFF9EF /* SuperHeroUITests */ = {
			isa = PBXNativeTarget;
			buildConfigurationList = 713409E22CEF1C6A00EFF9EF /* Build configuration list for PBXNativeTarget "SuperHeroUITests" */;
			buildPhases = (
				713409CE2CEF1C6A00EFF9EF /* Sources */,
				713409CF2CEF1C6A00EFF9EF /* Frameworks */,
				713409D02CEF1C6A00EFF9EF /* Resources */,
			);
			buildRules = (
			);
			dependencies = (
				713409D42CEF1C6A00EFF9EF /* PBXTargetDependency */,
			);
			name = SuperHeroUITests;
			productName = SuperHeroUITests;
			productReference = 713409D22CEF1C6A00EFF9EF /* SuperHeroUITests.xctest */;
			productType = "com.apple.product-type.bundle.ui-testing";
		};
/* End PBXNativeTarget section */

/* Begin PBXProject section */
		713409A72CEF1C6900EFF9EF /* Project object */ = {
			isa = PBXProject;
			attributes = {
				BuildIndependentTargetsInParallel = 1;
				LastSwiftUpdateCheck = 1540;
				LastUpgradeCheck = 1540;
				TargetAttributes = {
					713409AE2CEF1C6900EFF9EF = {
						CreatedOnToolsVersion = 15.4;
					};
					713409C72CEF1C6A00EFF9EF = {
						CreatedOnToolsVersion = 15.4;
						TestTargetID = 713409AE2CEF1C6900EFF9EF;
					};
					713409D12CEF1C6A00EFF9EF = {
						CreatedOnToolsVersion = 15.4;
						TestTargetID = 713409AE2CEF1C6900EFF9EF;
					};
				};
			};
			buildConfigurationList = 713409AA2CEF1C6900EFF9EF /* Build configuration list for PBXProject "SuperHero" */;
			compatibilityVersion = "Xcode 14.0";
			developmentRegion = en;
			hasScannedForEncodings = 0;
			knownRegions = (
				en,
				Base,
			);
			mainGroup = 713409A62CEF1C6900EFF9EF;
			productRefGroup = 713409B02CEF1C6900EFF9EF /* Products */;
			projectDirPath = "";
			projectRoot = "";
			targets = (
				713409AE2CEF1C6900EFF9EF /* SuperHero */,
				713409C72CEF1C6A00EFF9EF /* SuperHeroTests */,
				713409D12CEF1C6A00EFF9EF /* SuperHeroUITests */,
			);
		};
/* End PBXProject section */

/* Begin PBXResourcesBuildPhase section */
		713409AD2CEF1C6900EFF9EF /* Resources */ = {
			isa = PBXResourcesBuildPhase;
			buildActionMask = 2147483647;
			files = (
				713409BF2CEF1C6A00EFF9EF /* Assets.xcassets in Resources */,
				713409C22CEF1C6A00EFF9EF /* Base in Resources */,
				713409BA2CEF1C6900EFF9EF /* Base in Resources */,
			);
			runOnlyForDeploymentPostprocessing = 0;
		};
		713409C62CEF1C6A00EFF9EF /* Resources */ = {
			isa = PBXResourcesBuildPhase;
			buildActionMask = 2147483647;
			files = (
			);
			runOnlyForDeploymentPostprocessing = 0;
		};
		713409D02CEF1C6A00EFF9EF /* Resources */ = {
			isa = PBXResourcesBuildPhase;
			buildActionMask = 2147483647;
			files = (
			);
			runOnlyForDeploymentPostprocessing = 0;
		};
/* End PBXResourcesBuildPhase section */

/* Begin PBXSourcesBuildPhase section */
		713409AB2CEF1C6900EFF9EF /* Sources */ = {
			isa = PBXSourcesBuildPhase;
			buildActionMask = 2147483647;
			files = (
				713409B72CEF1C6900EFF9EF /* ViewController.swift in Sources */,
				713409B32CEF1C6900EFF9EF /* AppDelegate.swift in Sources */,
				713409B52CEF1C6900EFF9EF /* SceneDelegate.swift in Sources */,
				713409BD2CEF1C6900EFF9EF /* SuperHero.xcdatamodeld in Sources */,
			);
			runOnlyForDeploymentPostprocessing = 0;
		};
		713409C42CEF1C6A00EFF9EF /* Sources */ = {
			isa = PBXSourcesBuildPhase;
			buildActionMask = 2147483647;
			files = (
				713409CD2CEF1C6A00EFF9EF /* SuperHeroTests.swift in Sources */,
			);
			runOnlyForDeploymentPostprocessing = 0;
		};
		713409CE2CEF1C6A00EFF9EF /* Sources */ = {
			isa = PBXSourcesBuildPhase;
			buildActionMask = 2147483647;
			files = (
				713409D92CEF1C6A00EFF9EF /* SuperHeroUITestsLaunchTests.swift in Sources */,
				713409D72CEF1C6A00EFF9EF /* SuperHeroUITests.swift in Sources */,
			);
			runOnlyForDeploymentPostprocessing = 0;
		};
/* End PBXSourcesBuildPhase section */

/* Begin PBXTargetDependency section */
		713409CA2CEF1C6A00EFF9EF /* PBXTargetDependency */ = {
			isa = PBXTargetDependency;
			target = 713409AE2CEF1C6900EFF9EF /* SuperHero */;
			targetProxy = 713409C92CEF1C6A00EFF9EF /* PBXContainerItemProxy */;
		};
		713409D42CEF1C6A00EFF9EF /* PBXTargetDependency */ = {
			isa = PBXTargetDependency;
			target = 713409AE2CEF1C6900EFF9EF /* SuperHero */;
			targetProxy = 713409D32CEF1C6A00EFF9EF /* PBXContainerItemProxy */;
		};
/* End PBXTargetDependency section */

/* Begin PBXVariantGroup section */
		713409B82CEF1C6900EFF9EF /* Main.storyboard */ = {
			isa = PBXVariantGroup;
			children = (
				713409B92CEF1C6900EFF9EF /* Base */,
			);
			name = Main.storyboard;
			sourceTree = "<group>";
		};
		713409C02CEF1C6A00EFF9EF /* LaunchScreen.storyboard */ = {
			isa = PBXVariantGroup;
			children = (
				713409C12CEF1C6A00EFF9EF /* Base */,
			);
			name = LaunchScreen.storyboard;
			sourceTree = "<group>";
		};
/* End PBXVariantGroup section */

/* Begin XCBuildConfiguration section */
		713409DA2CEF1C6A00EFF9EF /* Debug */ = {
			isa = XCBuildConfiguration;
			buildSettings = {
				ALWAYS_SEARCH_USER_PATHS = NO;
				ASSETCATALOG_COMPILER_GENERATE_SWIFT_ASSET_SYMBOL_EXTENSIONS = YES;
				CLANG_ANALYZER_NONNULL = YES;
				CLANG_ANALYZER_NUMBER_OBJECT_CONVERSION = YES_AGGRESSIVE;
				CLANG_CXX_LANGUAGE_STANDARD = "gnu++20";
				CLANG_ENABLE_MODULES = YES;
				CLANG_ENABLE_OBJC_ARC = YES;
				CLANG_ENABLE_OBJC_WEAK = YES;
				CLANG_WARN_BLOCK_CAPTURE_AUTORELEASING = YES;
				CLANG_WARN_BOOL_CONVERSION = YES;
				CLANG_WARN_COMMA = YES;
				CLANG_WARN_CONSTANT_CONVERSION = YES;
				CLANG_WARN_DEPRECATED_OBJC_IMPLEMENTATIONS = YES;
				CLANG_WARN_DIRECT_OBJC_ISA_USAGE = YES_ERROR;
				CLANG_WARN_DOCUMENTATION_COMMENTS = YES;
				CLANG_WARN_EMPTY_BODY = YES;
				CLANG_WARN_ENUM_CONVERSION = YES;
				CLANG_WARN_INFINITE_RECURSION = YES;
				CLANG_WARN_INT_CONVERSION = YES;
				CLANG_WARN_NON_LITERAL_NULL_CONVERSION = YES;
				CLANG_WARN_OBJC_IMPLICIT_RETAIN_SELF = YES;
				CLANG_WARN_OBJC_LITERAL_CONVERSION = YES;
				CLANG_WARN_OBJC_ROOT_CLASS = YES_ERROR;
				CLANG_WARN_QUOTED_INCLUDE_IN_FRAMEWORK_HEADER = YES;
				CLANG_WARN_RANGE_LOOP_ANALYSIS = YES;
				CLANG_WARN_STRICT_PROTOTYPES = YES;
				CLANG_WARN_SUSPICIOUS_MOVE = YES;
				CLANG_WARN_UNGUARDED_AVAILABILITY = YES_AGGRESSIVE;
				CLANG_WARN_UNREACHABLE_CODE = YES;
				CLANG_WARN__DUPLICATE_METHOD_MATCH = YES;
				COPY_PHASE_STRIP = NO;
				DEBUG_INFORMATION_FORMAT = dwarf;
				ENABLE_STRICT_OBJC_MSGSEND = YES;
				ENABLE_TESTABILITY = YES;
				ENABLE_USER_SCRIPT_SANDBOXING = YES;
				GCC_C_LANGUAGE_STANDARD = gnu17;
				GCC_DYNAMIC_NO_PIC = NO;
				GCC_NO_COMMON_BLOCKS = YES;
				GCC_OPTIMIZATION_LEVEL = 0;
				GCC_PREPROCESSOR_DEFINITIONS = (
					"DEBUG=1",
					"$(inherited)",
				);
				GCC_WARN_64_TO_32_BIT_CONVERSION = YES;
				GCC_WARN_ABOUT_RETURN_TYPE = YES_ERROR;
				GCC_WARN_UNDECLARED_SELECTOR = YES;
				GCC_WARN_UNINITIALIZED_AUTOS = YES_AGGRESSIVE;
				GCC_WARN_UNUSED_FUNCTION = YES;
				GCC_WARN_UNUSED_VARIABLE = YES;
				IPHONEOS_DEPLOYMENT_TARGET = 17.5;
				LOCALIZATION_PREFERS_STRING_CATALOGS = YES;
				MTL_ENABLE_DEBUG_INFO = INCLUDE_SOURCE;
				MTL_FAST_MATH = YES;
				ONLY_ACTIVE_ARCH = YES;
				SDKROOT = iphoneos;
				SWIFT_ACTIVE_COMPILATION_CONDITIONS = "DEBUG $(inherited)";
				SWIFT_OPTIMIZATION_LEVEL = "-Onone";
			};
			name = Debug;
		};
		713409DB2CEF1C6A00EFF9EF /* Release */ = {
			isa = XCBuildConfiguration;
			buildSettings = {
				ALWAYS_SEARCH_USER_PATHS = NO;
				ASSETCATALOG_COMPILER_GENERATE_SWIFT_ASSET_SYMBOL_EXTENSIONS = YES;
				CLANG_ANALYZER_NONNULL = YES;
				CLANG_ANALYZER_NUMBER_OBJECT_CONVERSION = YES_AGGRESSIVE;
				CLANG_CXX_LANGUAGE_STANDARD = "gnu++20";
				CLANG_ENABLE_MODULES = YES;
				CLANG_ENABLE_OBJC_ARC = YES;
				CLANG_ENABLE_OBJC_WEAK = YES;
				CLANG_WARN_BLOCK_CAPTURE_AUTORELEASING = YES;
				CLANG_WARN_BOOL_CONVERSION = YES;
				CLANG_WARN_COMMA = YES;
				CLANG_WARN_CONSTANT_CONVERSION = YES;
				CLANG_WARN_DEPRECATED_OBJC_IMPLEMENTATIONS = YES;
				CLANG_WARN_DIRECT_OBJC_ISA_USAGE = YES_ERROR;
				CLANG_WARN_DOCUMENTATION_COMMENTS = YES;
				CLANG_WARN_EMPTY_BODY = YES;
				CLANG_WARN_ENUM_CONVERSION = YES;
				CLANG_WARN_INFINITE_RECURSION = YES;
				CLANG_WARN_INT_CONVERSION = YES;
				CLANG_WARN_NON_LITERAL_NULL_CONVERSION = YES;
				CLANG_WARN_OBJC_IMPLICIT_RETAIN_SELF = YES;
				CLANG_WARN_OBJC_LITERAL_CONVERSION = YES;
				CLANG_WARN_OBJC_ROOT_CLASS = YES_ERROR;
				CLANG_WARN_QUOTED_INCLUDE_IN_FRAMEWORK_HEADER = YES;
				CLANG_WARN_RANGE_LOOP_ANALYSIS = YES;
				CLANG_WARN_STRICT_PROTOTYPES = YES;
				CLANG_WARN_SUSPICIOUS_MOVE = YES;
				CLANG_WARN_UNGUARDED_AVAILABILITY = YES_AGGRESSIVE;
				CLANG_WARN_UNREACHABLE_CODE = YES;
				CLANG_WARN__DUPLICATE_METHOD_MATCH = YES;
				COPY_PHASE_STRIP = NO;
				DEBUG_INFORMATION_FORMAT = "dwarf-with-dsym";
				ENABLE_NS_ASSERTIONS = NO;
				ENABLE_STRICT_OBJC_MSGSEND = YES;
				ENABLE_USER_SCRIPT_SANDBOXING = YES;
				GCC_C_LANGUAGE_STANDARD = gnu17;
				GCC_NO_COMMON_BLOCKS = YES;
				GCC_WARN_64_TO_32_BIT_CONVERSION = YES;
				GCC_WARN_ABOUT_RETURN_TYPE = YES_ERROR;
				GCC_WARN_UNDECLARED_SELECTOR = YES;
				GCC_WARN_UNINITIALIZED_AUTOS = YES_AGGRESSIVE;
				GCC_WARN_UNUSED_FUNCTION = YES;
				GCC_WARN_UNUSED_VARIABLE = YES;
				IPHONEOS_DEPLOYMENT_TARGET = 17.5;
				LOCALIZATION_PREFERS_STRING_CATALOGS = YES;
				MTL_ENABLE_DEBUG_INFO = NO;
				MTL_FAST_MATH = YES;
				SDKROOT = iphoneos;
				SWIFT_COMPILATION_MODE = wholemodule;
				VALIDATE_PRODUCT = YES;
			};
			name = Release;
		};
		713409DD2CEF1C6A00EFF9EF /* Debug */ = {
			isa = XCBuildConfiguration;
			buildSettings = {
				ASSETCATALOG_COMPILER_APPICON_NAME = AppIcon;
				ASSETCATALOG_COMPILER_GLOBAL_ACCENT_COLOR_NAME = AccentColor;
				CODE_SIGN_STYLE = Automatic;
				CURRENT_PROJECT_VERSION = 1;
				GENERATE_INFOPLIST_FILE = YES;
				INFOPLIST_FILE = SuperHero/Info.plist;
				INFOPLIST_KEY_UIApplicationSupportsIndirectInputEvents = YES;
				INFOPLIST_KEY_UILaunchStoryboardName = LaunchScreen;
				INFOPLIST_KEY_UIMainStoryboardFile = Main;
				INFOPLIST_KEY_UISupportedInterfaceOrientations_iPad = "UIInterfaceOrientationPortrait UIInterfaceOrientationPortraitUpsideDown UIInterfaceOrientationLandscapeLeft UIInterfaceOrientationLandscapeRight";
				INFOPLIST_KEY_UISupportedInterfaceOrientations_iPhone = "UIInterfaceOrientationPortrait UIInterfaceOrientationLandscapeLeft UIInterfaceOrientationLandscapeRight";
				LD_RUNPATH_SEARCH_PATHS = (
					"$(inherited)",
					"@executable_path/Frameworks",
				);
				MARKETING_VERSION = 1.0;
				PRODUCT_BUNDLE_IDENTIFIER = com.bakdaulet.SuperHero;
				PRODUCT_NAME = "$(TARGET_NAME)";
				SWIFT_EMIT_LOC_STRINGS = YES;
				SWIFT_VERSION = 5.0;
				TARGETED_DEVICE_FAMILY = "1,2";
			};
			name = Debug;
		};
		713409DE2CEF1C6A00EFF9EF /* Release */ = {
			isa = XCBuildConfiguration;
			buildSettings = {
				ASSETCATALOG_COMPILER_APPICON_NAME = AppIcon;
				ASSETCATALOG_COMPILER_GLOBAL_ACCENT_COLOR_NAME = AccentColor;
				CODE_SIGN_STYLE = Automatic;
				CURRENT_PROJECT_VERSION = 1;
				GENERATE_INFOPLIST_FILE = YES;
				INFOPLIST_FILE = SuperHero/Info.plist;
				INFOPLIST_KEY_UIApplicationSupportsIndirectInputEvents = YES;
				INFOPLIST_KEY_UILaunchStoryboardName = LaunchScreen;
				INFOPLIST_KEY_UIMainStoryboardFile = Main;
				INFOPLIST_KEY_UISupportedInterfaceOrientations_iPad = "UIInterfaceOrientationPortrait UIInterfaceOrientationPortraitUpsideDown UIInterfaceOrientationLandscapeLeft UIInterfaceOrientationLandscapeRight";
				INFOPLIST_KEY_UISupportedInterfaceOrientations_iPhone = "UIInterfaceOrientationPortrait UIInterfaceOrientationLandscapeLeft UIInterfaceOrientationLandscapeRight";
				LD_RUNPATH_SEARCH_PATHS = (
					"$(inherited)",
					"@executable_path/Frameworks",
				);
				MARKETING_VERSION = 1.0;
				PRODUCT_BUNDLE_IDENTIFIER = com.bakdaulet.SuperHero;
				PRODUCT_NAME = "$(TARGET_NAME)";
				SWIFT_EMIT_LOC_STRINGS = YES;
				SWIFT_VERSION = 5.0;
				TARGETED_DEVICE_FAMILY = "1,2";
			};
			name = Release;
		};
		713409E02CEF1C6A00EFF9EF /* Debug */ = {
			isa = XCBuildConfiguration;
			buildSettings = {
				ALWAYS_EMBED_SWIFT_STANDARD_LIBRARIES = YES;
				BUNDLE_LOADER = "$(TEST_HOST)";
				CODE_SIGN_STYLE = Automatic;
				CURRENT_PROJECT_VERSION = 1;
				GENERATE_INFOPLIST_FILE = YES;
				IPHONEOS_DEPLOYMENT_TARGET = 17.5;
				MARKETING_VERSION = 1.0;
				PRODUCT_BUNDLE_IDENTIFIER = com.bakdaulet.SuperHeroTests;
				PRODUCT_NAME = "$(TARGET_NAME)";
				SWIFT_EMIT_LOC_STRINGS = NO;
				SWIFT_VERSION = 5.0;
				TARGETED_DEVICE_FAMILY = "1,2";
				TEST_HOST = "$(BUILT_PRODUCTS_DIR)/SuperHero.app/$(BUNDLE_EXECUTABLE_FOLDER_PATH)/SuperHero";
			};
			name = Debug;
		};
		713409E12CEF1C6A00EFF9EF /* Release */ = {
			isa = XCBuildConfiguration;
			buildSettings = {
				ALWAYS_EMBED_SWIFT_STANDARD_LIBRARIES = YES;
				BUNDLE_LOADER = "$(TEST_HOST)";
				CODE_SIGN_STYLE = Automatic;
				CURRENT_PROJECT_VERSION = 1;
				GENERATE_INFOPLIST_FILE = YES;
				IPHONEOS_DEPLOYMENT_TARGET = 17.5;
				MARKETING_VERSION = 1.0;
				PRODUCT_BUNDLE_IDENTIFIER = com.bakdaulet.SuperHeroTests;
				PRODUCT_NAME = "$(TARGET_NAME)";
				SWIFT_EMIT_LOC_STRINGS = NO;
				SWIFT_VERSION = 5.0;
				TARGETED_DEVICE_FAMILY = "1,2";
				TEST_HOST = "$(BUILT_PRODUCTS_DIR)/SuperHero.app/$(BUNDLE_EXECUTABLE_FOLDER_PATH)/SuperHero";
			};
			name = Release;
		};
		713409E32CEF1C6A00EFF9EF /* Debug */ = {
			isa = XCBuildConfiguration;
			buildSettings = {
				ALWAYS_EMBED_SWIFT_STANDARD_LIBRARIES = YES;
				CODE_SIGN_STYLE = Automatic;
				CURRENT_PROJECT_VERSION = 1;
				GENERATE_INFOPLIST_FILE = YES;
				MARKETING_VERSION = 1.0;
				PRODUCT_BUNDLE_IDENTIFIER = com.bakdaulet.SuperHeroUITests;
				PRODUCT_NAME = "$(TARGET_NAME)";
				SWIFT_EMIT_LOC_STRINGS = NO;
				SWIFT_VERSION = 5.0;
				TARGETED_DEVICE_FAMILY = "1,2";
				TEST_TARGET_NAME = SuperHero;
			};
			name = Debug;
		};
		713409E42CEF1C6A00EFF9EF /* Release */ = {
			isa = XCBuildConfiguration;
			buildSettings = {
				ALWAYS_EMBED_SWIFT_STANDARD_LIBRARIES = YES;
				CODE_SIGN_STYLE = Automatic;
				CURRENT_PROJECT_VERSION = 1;
				GENERATE_INFOPLIST_FILE = YES;
				MARKETING_VERSION = 1.0;
				PRODUCT_BUNDLE_IDENTIFIER = com.bakdaulet.SuperHeroUITests;
				PRODUCT_NAME = "$(TARGET_NAME)";
				SWIFT_EMIT_LOC_STRINGS = NO;
				SWIFT_VERSION = 5.0;
				TARGETED_DEVICE_FAMILY = "1,2";
				TEST_TARGET_NAME = SuperHero;
			};
			name = Release;
		};
/* End XCBuildConfiguration section */

/* Begin XCConfigurationList section */
		713409AA2CEF1C6900EFF9EF /* Build configuration list for PBXProject "SuperHero" */ = {
			isa = XCConfigurationList;
			buildConfigurations = (
				713409DA2CEF1C6A00EFF9EF /* Debug */,
				713409DB2CEF1C6A00EFF9EF /* Release */,
			);
			defaultConfigurationIsVisible = 0;
			defaultConfigurationName = Release;
		};
		713409DC2CEF1C6A00EFF9EF /* Build configuration list for PBXNativeTarget "SuperHero" */ = {
			isa = XCConfigurationList;
			buildConfigurations = (
				713409DD2CEF1C6A00EFF9EF /* Debug */,
				713409DE2CEF1C6A00EFF9EF /* Release */,
			);
			defaultConfigurationIsVisible = 0;
			defaultConfigurationName = Release;
		};
		713409DF2CEF1C6A00EFF9EF /* Build configuration list for PBXNativeTarget "SuperHeroTests" */ = {
			isa = XCConfigurationList;
			buildConfigurations = (
				713409E02CEF1C6A00EFF9EF /* Debug */,
				713409E12CEF1C6A00EFF9EF /* Release */,
			);
			defaultConfigurationIsVisible = 0;
			defaultConfigurationName = Release;
		};
		713409E22CEF1C6A00EFF9EF /* Build configuration list for PBXNativeTarget "SuperHeroUITests" */ = {
			isa = XCConfigurationList;
			buildConfigurations = (
				713409E32CEF1C6A00EFF9EF /* Debug */,
				713409E42CEF1C6A00EFF9EF /* Release */,
			);
			defaultConfigurationIsVisible = 0;
			defaultConfigurationName = Release;
		};
/* End XCConfigurationList section */

/* Begin XCVersionGroup section */
		713409BB2CEF1C6900EFF9EF /* SuperHero.xcdatamodeld */ = {
			isa = XCVersionGroup;
			children = (
				713409BC2CEF1C6900EFF9EF /* SuperHero.xcdatamodel */,
			);
			currentVersion = 713409BC2CEF1C6900EFF9EF /* SuperHero.xcdatamodel */;
			path = SuperHero.xcdatamodeld;
			sourceTree = "<group>";
			versionGroupType = wrapper.xcdatamodel;
		};
/* End XCVersionGroup section */
	};
	rootObject = 713409A72CEF1C6900EFF9EF /* Project object */;
}
